
Microsoft Visual Studio Solution File, Format Version 12.00
# Visual Studio Version 17
VisualStudioVersion = 17.6.33723.286
MinimumVisualStudioVersion = 10.0.40219.1
Project("{FAE04EC0-301F-11D3-BF4B-00C04F79EFBC}") = "FuelBe", "FuelBe\FuelBe.csproj", "{65F4B80B-3743-4AAC-B3E6-4D7F6CB4466F}"
EndProject
Global
	GlobalSection(SolutionConfigurationPlatforms) = preSolution
		Debug|Any CPU = Debug|Any CPU
		Release|Any CPU = Release|Any CPU
	EndGlobalSection
	GlobalSection(ProjectConfigurationPlatforms) = postSolution
		{65F4B80B-3743-4AAC-B3E6-4D7F6CB4466F}.Debug|Any CPU.ActiveCfg = Debug|Any CPU
		{65F4B80B-3743-4AAC-B3E6-4D7F6CB4466F}.Debug|Any CPU.Build.0 = Debug|Any CPU
		{65F4B80B-3743-4AAC-B3E6-4D7F6CB4466F}.Release|Any CPU.ActiveCfg = Release|Any CPU
		{65F4B80B-3743-4AAC-B3E6-4D7F6CB4466F}.Release|Any CPU.Build.0 = Release|Any CPU
	EndGlobalSection
	GlobalSection(SolutionProperties) = preSolution
		HideSolutionNode = FALSE
	EndGlobalSection
	GlobalSection(ExtensibilityGlobals) = postSolution
		SolutionGuid = {04723817-CBED-4965-9AC7-29BA029B5747}
	EndGlobalSection
EndGlobal
